
Microsoft Visual Studio Solution File, Format Version 12.00
# Visual Studio 15
VisualStudioVersion = 15.0.27004.2005
MinimumVisualStudioVersion = 10.0.40219.1
Project("{9A19103F-16F7-4668-BE54-9A1E7A4F7556}") = "CSharpTut", "CSharpTut\CSharpTut.csproj", "{5D30EF89-FCD2-43B3-A141-DF46AD49743B}"
EndProject
Project("{9A19103F-16F7-4668-BE54-9A1E7A4F7556}") = "BankTutorial", "BankTutorial\BankTutorial.csproj", "{6CAA99F5-2775-422A-A8E4-54F1F83DFB1A}"
EndProject
Project("{FAE04EC0-301F-11D3-BF4B-00C04F79EFBC}") = "BankTut", "BankTut\BankTut.csproj", "{507BF6AB-0F1C-46BF-8E86-DA73878FA22A}"
EndProject
Global
	GlobalSection(SolutionConfigurationPlatforms) = preSolution
		Debug|Any CPU = Debug|Any CPU
		Release|Any CPU = Release|Any CPU
	EndGlobalSection
	GlobalSection(ProjectConfigurationPlatforms) = postSolution
		{5D30EF89-FCD2-43B3-A141-DF46AD49743B}.Debug|Any CPU.ActiveCfg = Debug|Any CPU
		{5D30EF89-FCD2-43B3-A141-DF46AD49743B}.Debug|Any CPU.Build.0 = Debug|Any CPU
		{5D30EF89-FCD2-43B3-A141-DF46AD49743B}.Release|Any CPU.ActiveCfg = Release|Any CPU
		{5D30EF89-FCD2-43B3-A141-DF46AD49743B}.Release|Any CPU.Build.0 = Release|Any CPU
		{6CAA99F5-2775-422A-A8E4-54F1F83DFB1A}.Debug|Any CPU.ActiveCfg = Debug|Any CPU
		{6CAA99F5-2775-422A-A8E4-54F1F83DFB1A}.Debug|Any CPU.Build.0 = Debug|Any CPU
		{6CAA99F5-2775-422A-A8E4-54F1F83DFB1A}.Release|Any CPU.ActiveCfg = Release|Any CPU
		{6CAA99F5-2775-422A-A8E4-54F1F83DFB1A}.Release|Any CPU.Build.0 = Release|Any CPU
		{507BF6AB-0F1C-46BF-8E86-DA73878FA22A}.Debug|Any CPU.ActiveCfg = Debug|Any CPU
		{507BF6AB-0F1C-46BF-8E86-DA73878FA22A}.Debug|Any CPU.Build.0 = Debug|Any CPU
		{507BF6AB-0F1C-46BF-8E86-DA73878FA22A}.Release|Any CPU.ActiveCfg = Release|Any CPU
		{507BF6AB-0F1C-46BF-8E86-DA73878FA22A}.Release|Any CPU.Build.0 = Release|Any CPU
	EndGlobalSection
	GlobalSection(SolutionProperties) = preSolution
		HideSolutionNode = FALSE
	EndGlobalSection
	GlobalSection(ExtensibilityGlobals) = postSolution
		SolutionGuid = {D4F19D93-AD52-4F57-9D12-A3BE8FDF1FA0}
	EndGlobalSection
EndGlobal
